Microsoft Visual Studio Solution File, Format Version 12.00
# Visual Studio Version 17
VisualStudioVersion = 17.5.2.0
MinimumVisualStudioVersion = 10.0.40219.1
Project("{FAE04EC0-301F-11D3-BF4B-00C04F79EFBC}") = "Pokemon Connection", "Pokemon Connection.csproj", "{B8C1BFED-3F5A-C186-BEF9-B0D0B98C807C}"
EndProject
Global
	GlobalSection(SolutionConfigurationPlatforms) = preSolution
		Debug|Any CPU = Debug|Any CPU
		Release|Any CPU = Release|Any CPU
	EndGlobalSection
	GlobalSection(ProjectConfigurationPlatforms) = postSolution
		{B8C1BFED-3F5A-C186-BEF9-B0D0B98C807C}.Debug|Any CPU.ActiveCfg = Debug|Any CPU
		{B8C1BFED-3F5A-C186-BEF9-B0D0B98C807C}.Debug|Any CPU.Build.0 = Debug|Any CPU
		{B8C1BFED-3F5A-C186-BEF9-B0D0B98C807C}.Release|Any CPU.ActiveCfg = Release|Any CPU
		{B8C1BFED-3F5A-C186-BEF9-B0D0B98C807C}.Release|Any CPU.Build.0 = Release|Any CPU
	EndGlobalSection
	GlobalSection(SolutionProperties) = preSolution
		HideSolutionNode = FALSE
	EndGlobalSection
	GlobalSection(ExtensibilityGlobals) = postSolution
		SolutionGuid = {8D2D6B67-DEB6-48C5-A7B6-00F3A94CD045}
	EndGlobalSection
EndGlobal
